
Microsoft Visual Studio Solution File, Format Version 12.00
# Visual Studio 15
VisualStudioVersion = 15.0.27703.2035
MinimumVisualStudioVersion = 10.0.40219.1
Project("{FAE04EC0-301F-11D3-BF4B-00C04F79EFBC}") = "MeetingSample", "MeetingSample\MeetingSample.csproj", "{D7BC133E-77A5-46A4-973A-C3B45AD28FEF}"
EndProject
Project("{FAE04EC0-301F-11D3-BF4B-00C04F79EFBC}") = "MeetingSample.WebAPI", "MeetingSample.WebAPI\MeetingSample.WebAPI.csproj", "{BCDB88C9-435C-4E97-A533-5A873DD6CBC2}"
EndProject
Global
	GlobalSection(SolutionConfigurationPlatforms) = preSolution
		Debug|Any CPU = Debug|Any CPU
		Release|Any CPU = Release|Any CPU
	EndGlobalSection
	GlobalSection(ProjectConfigurationPlatforms) = postSolution
		{D7BC133E-77A5-46A4-973A-C3B45AD28FEF}.Debug|Any CPU.ActiveCfg = Debug|Any CPU
		{D7BC133E-77A5-46A4-973A-C3B45AD28FEF}.Debug|Any CPU.Build.0 = Debug|Any CPU
		{D7BC133E-77A5-46A4-973A-C3B45AD28FEF}.Release|Any CPU.ActiveCfg = Release|Any CPU
		{D7BC133E-77A5-46A4-973A-C3B45AD28FEF}.Release|Any CPU.Build.0 = Release|Any CPU
		{BCDB88C9-435C-4E97-A533-5A873DD6CBC2}.Debug|Any CPU.ActiveCfg = Debug|Any CPU
		{BCDB88C9-435C-4E97-A533-5A873DD6CBC2}.Debug|Any CPU.Build.0 = Debug|Any CPU
		{BCDB88C9-435C-4E97-A533-5A873DD6CBC2}.Release|Any CPU.ActiveCfg = Release|Any CPU
		{BCDB88C9-435C-4E97-A533-5A873DD6CBC2}.Release|Any CPU.Build.0 = Release|Any CPU
	EndGlobalSection
	GlobalSection(SolutionProperties) = preSolution
		HideSolutionNode = FALSE
	EndGlobalSection
	GlobalSection(ExtensibilityGlobals) = postSolution
		SolutionGuid = {AC9DAC8F-0315-41D5-8F09-A90692EBF826}
	EndGlobalSection
EndGlobal
